<?xml version="1.0" encoding="utf-8"?>
<Project ToolsVersion="4.0" xmlns="http://schemas.microsoft.com/developer/msbuild/2003">
  <ItemGroup>
    <Filter Include="Resource Files">
      <UniqueIdentifier>{67DA6AB6-F800-4c08-8B7A-83BB121AAD01}</UniqueIdentifier>
      <Extensions>rc;ico;cur;bmp;dlg;rc2;rct;bin;rgs;gif;jpg;jpeg;jpe;resx;tiff;tif;png;wav;mfcribbon-ms</Extensions>
    </Filter>
    <Filter Include="EngineFiles">
      <UniqueIdentifier>{3a0e04c1-f419-4257-8071-bca1b968985b}</UniqueIdentifier>
    </Filter>
    <Filter Include="GameFiles">
      <UniqueIdentifier>{3794fcfc-0337-43f5-929a-840b19f12a37}</UniqueIdentifier>
    </Filter>
    <Filter Include="EngineFiles\Components">
      <UniqueIdentifier>{b68428bf-64e6-4c8d-8582-72dd2922beda}</UniqueIdentifier>
    </Filter>
  </ItemGroup>
  <ItemGroup>
    <ClInclude Include="Minigin.h">
      <Filter>EngineFiles</Filter>
    </ClInclude>
    <ClInclude Include="GameObject.h">
      <Filter>GameFiles</Filter>
    </ClInclude>
    <ClInclude Include="Component.h">
      <Filter>EngineFiles\Components</Filter>
    </ClInclude>
    <ClInclude Include="FPSCounter.h">
      <Filter>EngineFiles\Components</Filter>
    </ClInclude>
    <ClInclude Include="Scene.h">
      <Filter>EngineFiles</Filter>
    </ClInclude>
    <ClInclude Include="SceneManager.h">
      <Filter>EngineFiles</Filter>
    </ClInclude>
    <ClInclude Include="Singleton.h">
      <Filter>EngineFiles</Filter>
    </ClInclude>
    <ClInclude Include="Texture.h">
      <Filter>EngineFiles\Components</Filter>
    </ClInclude>
    <ClInclude Include="Texture2D.h">
      <Filter>EngineFiles</Filter>
    </ClInclude>
    <ClInclude Include="Renderer.h">
      <Filter>EngineFiles</Filter>
    </ClInclude>
    <ClInclude Include="Font.h">
      <Filter>EngineFiles</Filter>
    </ClInclude>
    <ClInclude Include="InputManager.h">
      <Filter>GameFiles</Filter>
    </ClInclude>
    <ClInclude Include="ResourceManager.h">
      <Filter>EngineFiles</Filter>
    </ClInclude>
    <ClInclude Include="Transform.h">
      <Filter>EngineFiles\Components</Filter>
    </ClInclude>
    <ClInclude Include="Text.h">
      <Filter>EngineFiles\Components</Filter>
    </ClInclude>
    <ClInclude Include="Components.h">
      <Filter>EngineFiles</Filter>
    </ClInclude>
    <ClInclude Include="Render.h">
      <Filter>EngineFiles\Components</Filter>
    </ClInclude>
    <ClInclude Include="Time.h">
      <Filter>EngineFiles</Filter>
    </ClInclude>
  </ItemGroup>
  <ItemGroup>
    <ClCompile Include="Minigin.cpp">
      <Filter>EngineFiles</Filter>
    </ClCompile>
    <ClCompile Include="GameObject.cpp">
      <Filter>GameFiles</Filter>
    </ClCompile>
    <ClCompile Include="FPSCounter.cpp">
      <Filter>EngineFiles\Components</Filter>
    </ClCompile>
    <ClCompile Include="Main.cpp">
      <Filter>GameFiles</Filter>
    </ClCompile>
    <ClCompile Include="Scene.cpp">
      <Filter>EngineFiles</Filter>
    </ClCompile>
    <ClCompile Include="SceneManager.cpp">
      <Filter>EngineFiles</Filter>
    </ClCompile>
    <ClCompile Include="Texture.cpp">
      <Filter>EngineFiles\Components</Filter>
    </ClCompile>
    <ClCompile Include="Texture2D.cpp">
      <Filter>EngineFiles</Filter>
    </ClCompile>
    <ClCompile Include="Renderer.cpp">
      <Filter>EngineFiles</Filter>
    </ClCompile>
    <ClCompile Include="Font.cpp">
      <Filter>EngineFiles</Filter>
    </ClCompile>
    <ClCompile Include="InputManager.cpp">
      <Filter>GameFiles</Filter>
    </ClCompile>
    <ClCompile Include="ResourceManager.cpp">
      <Filter>EngineFiles</Filter>
    </ClCompile>
    <ClCompile Include="Transform.cpp">
      <Filter>EngineFiles\Components</Filter>
    </ClCompile>
    <ClCompile Include="Text.cpp">
      <Filter>EngineFiles\Components</Filter>
    </ClCompile>
    <ClCompile Include="Render.cpp">
      <Filter>EngineFiles\Components</Filter>
    </ClCompile>
  </ItemGroup>
</Project>